
Microsoft Visual Studio Solution File, Format Version 12.00
# Visual Studio Version 17
VisualStudioVersion = 17.0.31912.275
MinimumVisualStudioVersion = 10.0.40219.1
Project("{FAE04EC0-301F-11D3-BF4B-00C04F79EFBC}") = "4_Task", "4_Task\4_Task.csproj", "{1E4BD333-7E7C-48F3-BCDA-4FF78D6F29CD}"
EndProject
Global
	GlobalSection(SolutionConfigurationPlatforms) = preSolution
		Debug|Any CPU = Debug|Any CPU
		Release|Any CPU = Release|Any CPU
	EndGlobalSection
	GlobalSection(ProjectConfigurationPlatforms) = postSolution
		{1E4BD333-7E7C-48F3-BCDA-4FF78D6F29CD}.Debug|Any CPU.ActiveCfg = Debug|Any CPU
		{1E4BD333-7E7C-48F3-BCDA-4FF78D6F29CD}.Debug|Any CPU.Build.0 = Debug|Any CPU
		{1E4BD333-7E7C-48F3-BCDA-4FF78D6F29CD}.Release|Any CPU.ActiveCfg = Release|Any CPU
		{1E4BD333-7E7C-48F3-BCDA-4FF78D6F29CD}.Release|Any CPU.Build.0 = Release|Any CPU
	EndGlobalSection
	GlobalSection(SolutionProperties) = preSolution
		HideSolutionNode = FALSE
	EndGlobalSection
	GlobalSection(ExtensibilityGlobals) = postSolution
		SolutionGuid = {2D6FBC6D-D131-4D34-8DFC-6FC430BCC948}
	EndGlobalSection
EndGlobal
